github.com/cheekybits/genny v1.0.0 h1:uGGa4nei+j20rOSeDeP5Of12XVm7TGUd4dJA9RDitfE=
github.com/cheekybits/genny v1.0.0/go.mod h1:+tQajlRqAUrPI7DOSpB0XAqZYtQakVtB7wXkRAgjxjQ=
github.com/starwander/GoFibonacciHeap v0.0.0-20190508061137-ba2e4f01000a h1:HxQEVn2dC2DyalPmsBVsTRsB05UpBmbgZV2a939iEwE=
github.com/starwander/GoFibonacciHeap v0.0.0-20190508061137-ba2e4f01000a/go.mod h1:0UZshEHv45sVxpYdRE55cbIVuvbXD3+liaXyrgm1Mr4=
github.com/starwander/goraph v0.0.0-20190117062148-0fd368c3da06 h1:C4dbYfy9Xii1UH/87iWeIGWG78b2VhoE4LflGIElDIQ=
github.com/starwander/goraph v0.0.0-20190117062148-0fd368c3da06/go.mod h1:7Ko4ajehhDsNJw7OCwtfca5XqfCzo+ayX+v8d1tgwiw=
